// !$*UTF8*$!
{
	archiveVersion = 1;
	classes = {
	};
	objectVersion = 77;
	objects = {

/* Begin PBXBuildFile section */
		A1000000000000000000000B /* ShareExtension.appex in Embed Foundation Extensions */ = {isa = PBXBuildFile; fileRef = A10000000000000000000001 /* ShareExtension.appex */; settings = {ATTRIBUTES = (CodeSignOnCopy, RemoveHeadersOnCopy, ); }; };
		A20000000000000000000001 /* Shared/ExternalTextProvider.swift in Sources */ = {isa = PBXBuildFile; fileRef = A20000000000000000000003 /* Shared/ExternalTextProvider.swift */; };
		A20000000000000000000002 /* Shared/ExternalTextProvider.swift in Sources */ = {isa = PBXBuildFile; fileRef = A20000000000000000000003 /* Shared/ExternalTextProvider.swift */; };
		D5913594B93B3335B2699EB8 /* Pods_iosApp.framework in Frameworks */ = {isa = PBXBuildFile; fileRef = 220D4018A5B47037E7C2AA99 /* Pods_iosApp.framework */; };
/* End PBXBuildFile section */

/* Begin PBXContainerItemProxy section */
		A1000000000000000000000D /* PBXContainerItemProxy */ = {
			isa = PBXContainerItemProxy;
			containerPortal = 0B3B9C45B50F2087F69FC590 /* Project object */;
			proxyType = 1;
			remoteGlobalIDString = A10000000000000000000007;
			remoteInfo = ShareExtension;
		};
/* End PBXContainerItemProxy section */

/* Begin PBXCopyFilesBuildPhase section */
		A1000000000000000000000C /* Embed Foundation Extensions */ = {
			isa = PBXCopyFilesBuildPhase;
			buildActionMask = 2147483647;
			dstPath = "";
			dstSubfolderSpec = 13;
			files = (
				A1000000000000000000000B /* ShareExtension.appex in Embed Foundation Extensions */,
			);
			name = "Embed Foundation Extensions";
			runOnlyForDeploymentPostprocessing = 0;
		};
/* End PBXCopyFilesBuildPhase section */

/* Begin PBXFileReference section */
		08861047BCC92BFE869F50C9 /* FolderSpan.app */ = {isa = PBXFileReference; explicitFileType = wrapper.application; includeInIndex = 0; path = FolderSpan.app; sourceTree = BUILT_PRODUCTS_DIR; };
		220D4018A5B47037E7C2AA99 /* Pods_iosApp.framework */ = {isa = PBXFileReference; explicitFileType = wrapper.framework; includeInIndex = 0; path = Pods_iosApp.framework; sourceTree = BUILT_PRODUCTS_DIR; };
		A10000000000000000000001 /* ShareExtension.appex */ = {isa = PBXFileReference; explicitFileType = "wrapper.app-extension"; includeInIndex = 0; path = ShareExtension.appex; sourceTree = BUILT_PRODUCTS_DIR; };
		A20000000000000000000003 /* Shared/ExternalTextProvider.swift */ = {isa = PBXFileReference; lastKnownFileType = sourcecode.swift; path = Shared/ExternalTextProvider.swift; sourceTree = SOURCE_ROOT; };
		C0AFCF229B05EF23D29120CC /* Pods-iosApp.debug.xcconfig */ = {isa = PBXFileReference; includeInIndex = 1; lastKnownFileType = text.xcconfig; name = "Pods-iosApp.debug.xcconfig"; path = "Target Support Files/Pods-iosApp/Pods-iosApp.debug.xcconfig"; sourceTree = "<group>"; };
		CE0AF838DCD7F468735BD1EA /* Pods-iosApp.release.xcconfig */ = {isa = PBXFileReference; includeInIndex = 1; lastKnownFileType = text.xcconfig; name = "Pods-iosApp.release.xcconfig"; path = "Target Support Files/Pods-iosApp/Pods-iosApp.release.xcconfig"; sourceTree = "<group>"; };
/* End PBXFileReference section */

/* Begin PBXFileSystemSynchronizedBuildFileExceptionSet section */
		13591EAAA0238E1E07F66072 /* Exceptions for "iosApp" folder in "iosApp" target */ = {
			isa = PBXFileSystemSynchronizedBuildFileExceptionSet;
			membershipExceptions = (
				Info.plist,
			);
			target = 75ADD0E1F7E7FC233229F983 /* iosApp */;
		};
		A10000000000000000000003 /* Exceptions for "ShareExtension" folder in "ShareExtension" target */ = {
			isa = PBXFileSystemSynchronizedBuildFileExceptionSet;
			membershipExceptions = (
				Info.plist,
			);
			target = A10000000000000000000007 /* ShareExtension */;
		};
/* End PBXFileSystemSynchronizedBuildFileExceptionSet section */

/* Begin PBXFileSystemSynchronizedRootGroup section */
		A0855094FB12A87F6B8C6B99 /* Configuration */ = {
			isa = PBXFileSystemSynchronizedRootGroup;
			path = Configuration;
			sourceTree = "<group>";
		};
		A10000000000000000000002 /* ShareExtension */ = {
			isa = PBXFileSystemSynchronizedRootGroup;
			exceptions = (
				A10000000000000000000003 /* Exceptions for "ShareExtension" folder in "ShareExtension" target */,
			);
			path = ShareExtension;
			sourceTree = "<group>";
		};
		A37A75EC439FEB26F7DDE57A /* iosApp */ = {
			isa = PBXFileSystemSynchronizedRootGroup;
			exceptions = (
				13591EAAA0238E1E07F66072 /* Exceptions for "iosApp" folder in "iosApp" target */,
			);
			path = iosApp;
			sourceTree = "<group>";
		};
/* End PBXFileSystemSynchronizedRootGroup section */

/* Begin PBXFrameworksBuildPhase section */
		A10000000000000000000004 /* Frameworks */ = {
			isa = PBXFrameworksBuildPhase;
			buildActionMask = 2147483647;
			files = (
			);
			runOnlyForDeploymentPostprocessing = 0;
		};
		B9BEABDD1415DF068E2BC9B6 /* Frameworks */ = {
			isa = PBXFrameworksBuildPhase;
			buildActionMask = 2147483647;
			files = (
				D5913594B93B3335B2699EB8 /* Pods_iosApp.framework in Frameworks */,
			);
			runOnlyForDeploymentPostprocessing = 0;
		};
/* End PBXFrameworksBuildPhase section */

/* Begin PBXGroup section */
		412AE692AE2C9501E8FF53C6 /* Pods */ = {
			isa = PBXGroup;
			children = (
				C0AFCF229B05EF23D29120CC /* Pods-iosApp.debug.xcconfig */,
				CE0AF838DCD7F468735BD1EA /* Pods-iosApp.release.xcconfig */,
			);
			path = Pods;
			sourceTree = "<group>";
		};
		49B1C8E4624264BE7AD43E2F /* Products */ = {
			isa = PBXGroup;
			children = (
				08861047BCC92BFE869F50C9 /* FolderSpan.app */,
				A10000000000000000000001 /* ShareExtension.appex */,
			);
			name = Products;
			sourceTree = "<group>";
		};
		6350E2C0475992FD6D780431 = {
			isa = PBXGroup;
			children = (
				A0855094FB12A87F6B8C6B99 /* Configuration */,
				A37A75EC439FEB26F7DDE57A /* iosApp */,
				A10000000000000000000002 /* ShareExtension */,
				A20000000000000000000003 /* Shared/ExternalTextProvider.swift */,
				49B1C8E4624264BE7AD43E2F /* Products */,
				412AE692AE2C9501E8FF53C6 /* Pods */,
				C9F37871B51B608F856EE6BF /* Frameworks */,
			);
			sourceTree = "<group>";
		};
		C9F37871B51B608F856EE6BF /* Frameworks */ = {
			isa = PBXGroup;
			children = (
				220D4018A5B47037E7C2AA99 /* Pods_iosApp.framework */,
			);
			name = Frameworks;
			sourceTree = "<group>";
		};
/* End PBXGroup section */

/* Begin PBXNativeTarget section */
		75ADD0E1F7E7FC233229F983 /* iosApp */ = {
			isa = PBXNativeTarget;
			buildConfigurationList = 274BD8CF6C96A2FCEB564E86 /* Build configuration list for PBXNativeTarget "iosApp" */;
			buildPhases = (
				5B6A1BF85E137734D789F45D /* [CP] Check Pods Manifest.lock */,
				DE0DD26D89847F44BDFADF30 /* Compile Kotlin Framework */,
				B46369FF0BBE13C795E7EEC0 /* Sources */,
				B9BEABDD1415DF068E2BC9B6 /* Frameworks */,
				CEC32647756E5C55CE93803D /* Resources */,
				A1000000000000000000000C /* Embed Foundation Extensions */,
				7D95D2FEF0744BB94C2D6A9D /* Embed WebRTC Framework */,
				9222CF297F31489E0B605ED1 /* [CP] Embed Pods Frameworks */,
			);
			buildRules = (
			);
			dependencies = (
				A1000000000000000000000E /* PBXTargetDependency */,
			);
			fileSystemSynchronizedGroups = (
				A37A75EC439FEB26F7DDE57A /* iosApp */,
			);
			name = iosApp;
			productName = iosApp;
			productReference = 08861047BCC92BFE869F50C9 /* FolderSpan.app */;
			productType = "com.apple.product-type.application";
		};
		A10000000000000000000007 /* ShareExtension */ = {
			isa = PBXNativeTarget;
			buildConfigurationList = A10000000000000000000008 /* Build configuration list for PBXNativeTarget "ShareExtension" */;
			buildPhases = (
				A10000000000000000000005 /* Sources */,
				A10000000000000000000004 /* Frameworks */,
				A10000000000000000000006 /* Resources */,
			);
			buildRules = (
			);
			dependencies = (
			);
			fileSystemSynchronizedGroups = (
				A10000000000000000000002 /* ShareExtension */,
				A20000000000000000000003 /* Shared/ExternalTextProvider.swift */,
			);
			name = ShareExtension;
			productName = ShareExtension;
			productReference = A10000000000000000000001 /* ShareExtension.appex */;
			productType = "com.apple.product-type.app-extension";
		};
/* End PBXNativeTarget section */

/* Begin PBXProject section */
		0B3B9C45B50F2087F69FC590 /* Project object */ = {
			isa = PBXProject;
			attributes = {
				BuildIndependentTargetsInParallel = 1;
				LastSwiftUpdateCheck = 1620;
				LastUpgradeCheck = 2700;
				TargetAttributes = {
					75ADD0E1F7E7FC233229F983 = {
						CreatedOnToolsVersion = 16.2;
					};
					A10000000000000000000007 = {
						CreatedOnToolsVersion = 16.2;
					};
				};
			};
			buildConfigurationList = 2CE7DEDD22E186336259AF85 /* Build configuration list for PBXProject "iosApp" */;
			developmentRegion = en;
			hasScannedForEncodings = 0;
			knownRegions = (
				en,
				Base,
				"zh-Hans",
			);
			mainGroup = 6350E2C0475992FD6D780431;
			minimizedProjectReferenceProxies = 1;
			preferredProjectObjectVersion = 77;
			productRefGroup = 49B1C8E4624264BE7AD43E2F /* Products */;
			projectDirPath = "";
			projectRoot = "";
			targets = (
				75ADD0E1F7E7FC233229F983 /* iosApp */,
				A10000000000000000000007 /* ShareExtension */,
			);
		};
/* End PBXProject section */

/* Begin PBXResourcesBuildPhase section */
		A10000000000000000000006 /* Resources */ = {
			isa = PBXResourcesBuildPhase;
			buildActionMask = 2147483647;
			files = (
			);
			runOnlyForDeploymentPostprocessing = 0;
		};
		CEC32647756E5C55CE93803D /* Resources */ = {
			isa = PBXResourcesBuildPhase;
			buildActionMask = 2147483647;
			files = (
			);
			runOnlyForDeploymentPostprocessing = 0;
		};
/* End PBXResourcesBuildPhase section */

/* Begin PBXShellScriptBuildPhase section */
		5B6A1BF85E137734D789F45D /* [CP] Check Pods Manifest.lock */ = {
			isa = PBXShellScriptBuildPhase;
			buildActionMask = 2147483647;
			files = (
			);
			inputFileListPaths = (
			);
			inputPaths = (
				"${PODS_PODFILE_DIR_PATH}/Podfile.lock",
				"${PODS_ROOT}/Manifest.lock",
			);
			name = "[CP] Check Pods Manifest.lock";
			outputFileListPaths = (
			);
			outputPaths = (
				"$(DERIVED_FILE_DIR)/Pods-iosApp-checkManifestLockResult.txt",
			);
			runOnlyForDeploymentPostprocessing = 0;
			shellPath = /bin/sh;
			shellScript = "diff \"${PODS_PODFILE_DIR_PATH}/Podfile.lock\" \"${PODS_ROOT}/Manifest.lock\" > /dev/null\nif [ $? != 0 ] ; then\n    # print error to STDERR\n    echo \"error: The sandbox is not in sync with the Podfile.lock. Run 'pod install' or update your CocoaPods installation.\" >&2\n    exit 1\nfi\n# This output is used by Xcode 'outputs' to avoid re-running this script phase.\necho \"SUCCESS\" > \"${SCRIPT_OUTPUT_FILE_0}\"\n";
			showEnvVarsInLog = 0;
		};
		7D95D2FEF0744BB94C2D6A9D /* Embed WebRTC Framework */ = {
			isa = PBXShellScriptBuildPhase;
			buildActionMask = 2147483647;
			files = (
			);
			inputPaths = (
			);
			name = "Embed WebRTC Framework";
			outputPaths = (
			);
			runOnlyForDeploymentPostprocessing = 0;
			shellPath = /bin/sh;
			shellScript = "set -euo pipefail\n\nif [ -z \"${FRAMEWORKS_FOLDER_PATH+x}\" ]; then\n  exit 0\nfi\n\nPODS_ROOT_DIR=\"${PODS_ROOT:-${SRCROOT}/Pods}\"\nXCFRAMEWORK_ROOT=\"${PODS_ROOT_DIR}/WebRTC-SDK/WebRTC.xcframework\"\n\ncase \"${PLATFORM_NAME:-}\" in\n  iphonesimulator)\n    SLICE=\"ios-arm64_x86_64-simulator\"\n    ;;\n  iphoneos)\n    SLICE=\"ios-arm64\"\n    ;;\n  *)\n    echo \"Skipping WebRTC embed for platform ${PLATFORM_NAME:-unknown}\"\n    exit 0\n    ;;\n esac\n\nSRC_FRAMEWORK=\"${XCFRAMEWORK_ROOT}/${SLICE}/WebRTC.framework\"\nDEST_DIR=\"${TARGET_BUILD_DIR}/${FRAMEWORKS_FOLDER_PATH}\"\n\nif [ ! -d \"${SRC_FRAMEWORK}\" ]; then\n  echo \"warning: WebRTC.framework not found at ${SRC_FRAMEWORK}\"\n  exit 0\nfi\n\nmkdir -p \"${DEST_DIR}\"\nrsync --delete -av \"${SRC_FRAMEWORK}\" \"${DEST_DIR}/\"\n\nif [ -n \"${EXPANDED_CODE_SIGN_IDENTITY:-}\" ] && [ \"${CODE_SIGNING_REQUIRED:-}\" != \"NO\" ] && [ \"${CODE_SIGNING_ALLOWED}\" != \"NO\" ]; then\n  /usr/bin/codesign --force --sign \"${EXPANDED_CODE_SIGN_IDENTITY}\" ${OTHER_CODE_SIGN_FLAGS:-} --preserve-metadata=identifier,entitlements \"${DEST_DIR}/WebRTC.framework\"\nfi\n";
			showEnvVarsInLog = 0;
		};
		9222CF297F31489E0B605ED1 /* [CP] Embed Pods Frameworks */ = {
			isa = PBXShellScriptBuildPhase;
			buildActionMask = 2147483647;
			files = (
			);
			inputFileListPaths = (
				"${PODS_ROOT}/Target Support Files/Pods-iosApp/Pods-iosApp-frameworks-${CONFIGURATION}-input-files.xcfilelist",
			);
			inputPaths = (
			);
			name = "[CP] Embed Pods Frameworks";
			outputFileListPaths = (
				"${PODS_ROOT}/Target Support Files/Pods-iosApp/Pods-iosApp-frameworks-${CONFIGURATION}-output-files.xcfilelist",
			);
			outputPaths = (
			);
			runOnlyForDeploymentPostprocessing = 0;
			shellPath = /bin/sh;
			shellScript = "\"${PODS_ROOT}/Target Support Files/Pods-iosApp/Pods-iosApp-frameworks.sh\"\n";
			showEnvVarsInLog = 0;
		};
		DE0DD26D89847F44BDFADF30 /* Compile Kotlin Framework */ = {
			isa = PBXShellScriptBuildPhase;
			alwaysOutOfDate = 1;
			buildActionMask = 2147483647;
			files = (
			);
			inputFileListPaths = (
			);
			inputPaths = (
			);
			name = "Compile Kotlin Framework";
			outputFileListPaths = (
			);
			outputPaths = (
			);
			runOnlyForDeploymentPostprocessing = 0;
			shellPath = /bin/sh;
			shellScript = "if [ \"YES\" = \"$OVERRIDE_KOTLIN_BUILD_IDE_SUPPORTED\" ]; then\n  echo \"Skipping Gradle build task invocation due to OVERRIDE_KOTLIN_BUILD_IDE_SUPPORTED environment variable set to \\\"YES\\\"\"\n  exit 0\nfi\n\nset -euo pipefail\n\ncd \"$SRCROOT/../..\"\n./gradlew --no-daemon :app:shared:embedAndSignAppleFrameworkForXcode\n\nPODS_ROOT_DIR=\"${PODS_ROOT:-${SRCROOT}/Pods}\"\nWEBRTC_XCFRAMEWORK_ROOT=\"\"\nif [ -d \"$PODS_ROOT_DIR/WebRTC-SDK/WebRTC.xcframework\" ]; then\n  WEBRTC_XCFRAMEWORK_ROOT=\"$PODS_ROOT_DIR/WebRTC-SDK/WebRTC.xcframework\"\nelif [ -d \"$HOME/ios-native-xcframeworks/WebRTC.xcframework\" ]; then\n  WEBRTC_XCFRAMEWORK_ROOT=\"$HOME/ios-native-xcframeworks/WebRTC.xcframework\"\nfi\n\nif [ -n \"$WEBRTC_XCFRAMEWORK_ROOT\" ]; then\n  case \"${PLATFORM_NAME:-}\" in\n    iphonesimulator)\n      WEBRTC_SLICE=\"ios-arm64_x86_64-simulator\"\n      ;;\n    iphoneos)\n      WEBRTC_SLICE=\"ios-arm64\"\n      ;;\n    *)\n      WEBRTC_SLICE=\"\"\n      ;;\n  esac\n\n  if [ -n \"$WEBRTC_SLICE\" ]; then\n    WEBRTC_SRC_SLICE_DIR=\"$WEBRTC_XCFRAMEWORK_ROOT/$WEBRTC_SLICE\"\n    WEBRTC_DEST_ROOT=\"${BUILD_DIR}/${CONFIGURATION}${EFFECTIVE_PLATFORM_NAME}\"\n    if [ -d \"$WEBRTC_SRC_SLICE_DIR\" ]; then\n      for FRAMEWORK_DIR in \"$WEBRTC_SRC_SLICE_DIR\"/*.framework; do\n        if [ ! -d \"$FRAMEWORK_DIR\" ]; then\n          continue\n        fi\n        FRAMEWORK_NAME=\"$(basename \"$FRAMEWORK_DIR\")\"\n        FRAMEWORK_DEST=\"$WEBRTC_DEST_ROOT/$FRAMEWORK_NAME\"\n        rm -rf \"$FRAMEWORK_DEST\"\n        mkdir -p \"$FRAMEWORK_DEST\"\n        rsync --delete -a \"$FRAMEWORK_DIR/\" \"$FRAMEWORK_DEST/\"\n      done\n    fi\n  fi\nfi\n\nif [ -n \"${PODS_CONFIGURATION_BUILD_DIR:-}\" ]; then\n  PODS_AGGREGATE_FRAMEWORK_DIR=\"${PODS_CONFIGURATION_BUILD_DIR}/Pods_iosApp.framework\"\n  PODS_AGGREGATE_BINARY=\"$PODS_AGGREGATE_FRAMEWORK_DIR/Pods_iosApp\"\n  if [ ! -f \"$PODS_AGGREGATE_BINARY\" ]; then\n    PODS_ARCH=\"${NATIVE_ARCH_ACTUAL:-${ARCHS%% *}}\"\n    PODS_AGGREGATE_OBJECT=\"$PODS_AGGREGATE_FRAMEWORK_DIR/Pods_iosApp_dummy.o\"\n    mkdir -p \"$PODS_AGGREGATE_FRAMEWORK_DIR\"\n    printf \"void pods_iosapp_dummy(void) {}\\n\" | /usr/bin/clang -x c -arch \"$PODS_ARCH\" -isysroot \"$SDKROOT\" -c - -o \"$PODS_AGGREGATE_OBJECT\"\n    /usr/bin/libtool -static -o \"$PODS_AGGREGATE_BINARY\" \"$PODS_AGGREGATE_OBJECT\"\n    rm -f \"$PODS_AGGREGATE_OBJECT\"\n  fi\nfi\n";
		};
/* End PBXShellScriptBuildPhase section */

/* Begin PBXSourcesBuildPhase section */
		A10000000000000000000005 /* Sources */ = {
			isa = PBXSourcesBuildPhase;
			buildActionMask = 2147483647;
			files = (
				A20000000000000000000001 /* Shared/ExternalTextProvider.swift in Sources */,
			);
			runOnlyForDeploymentPostprocessing = 0;
		};
		B46369FF0BBE13C795E7EEC0 /* Sources */ = {
			isa = PBXSourcesBuildPhase;
			buildActionMask = 2147483647;
			files = (
				A20000000000000000000002 /* Shared/ExternalTextProvider.swift in Sources */,
			);
			runOnlyForDeploymentPostprocessing = 0;
		};
/* End PBXSourcesBuildPhase section */

/* Begin PBXTargetDependency section */
		A1000000000000000000000E /* PBXTargetDependency */ = {
			isa = PBXTargetDependency;
			target = A10000000000000000000007 /* ShareExtension */;
			targetProxy = A1000000000000000000000D /* PBXContainerItemProxy */;
		};
/* End PBXTargetDependency section */

/* Begin XCBuildConfiguration section */
		5998867EA84E071C7BB512B3 /* Release */ = {
			isa = XCBuildConfiguration;
			baseConfigurationReference = CE0AF838DCD7F468735BD1EA /* Pods-iosApp.release.xcconfig */;
			buildSettings = {
				ASSETCATALOG_COMPILER_APPICON_NAME = AppIcon;
				ASSETCATALOG_COMPILER_GLOBAL_ACCENT_COLOR_NAME = AccentColor;
				CODE_SIGN_ENTITLEMENTS = iosApp/FolderSpan.entitlements;
				CODE_SIGN_IDENTITY = "Apple Development";
				CODE_SIGN_STYLE = Automatic;
				DEVELOPMENT_ASSET_PATHS = "\"iosApp/Preview Content\"";
				DEVELOPMENT_TEAM = "${TEAM_ID}";
				ENABLE_PREVIEWS = YES;
				FRAMEWORK_SEARCH_PATHS = "$(inherited)";
				GENERATE_INFOPLIST_FILE = YES;
				INFOPLIST_FILE = iosApp/Info.plist;
				INFOPLIST_KEY_LSApplicationCategoryType = "public.app-category.utilities";
				INFOPLIST_KEY_UIApplicationSceneManifest_Generation = NO;
				INFOPLIST_KEY_UIApplicationSupportsIndirectInputEvents = YES;
				INFOPLIST_KEY_UILaunchScreen_Generation = YES;
				INFOPLIST_KEY_UISupportedInterfaceOrientations_iPad = "UIInterfaceOrientationPortrait UIInterfaceOrientationPortraitUpsideDown UIInterfaceOrientationLandscapeLeft UIInterfaceOrientationLandscapeRight";
				INFOPLIST_KEY_UISupportedInterfaceOrientations_iPhone = "UIInterfaceOrientationPortrait UIInterfaceOrientationLandscapeLeft UIInterfaceOrientationLandscapeRight";
				IPHONEOS_DEPLOYMENT_TARGET = "$(RECOMMENDED_IPHONEOS_DEPLOYMENT_TARGET)";
				LD_RUNPATH_SEARCH_PATHS = (
					"$(inherited)",
					"@executable_path/Frameworks",
				);
				"LIBRARY_SEARCH_PATHS[sdk=iphoneos*]" = (
					"$(inherited)",
					"$(HOME)/ios-native-xcframeworks/libcrypto.xcframework/ios-arm64",
					"$(HOME)/ios-native-xcframeworks/libcurl.xcframework/ios-arm64",
					"$(HOME)/ios-native-xcframeworks/libsmb2.xcframework/ios-arm64",
					"$(HOME)/ios-native-xcframeworks/libssh2.xcframework/ios-arm64",
					"$(HOME)/ios-native-xcframeworks/libssl.xcframework/ios-arm64",
				);
				"LIBRARY_SEARCH_PATHS[sdk=iphonesimulator*]" = (
					"$(inherited)",
					"$(HOME)/ios-native-xcframeworks/libcrypto.xcframework/ios-arm64-simulator",
					"$(HOME)/ios-native-xcframeworks/libcurl.xcframework/ios-arm64-simulator",
					"$(HOME)/ios-native-xcframeworks/libsmb2.xcframework/ios-arm64-simulator",
					"$(HOME)/ios-native-xcframeworks/libssh2.xcframework/ios-arm64-simulator",
					"$(HOME)/ios-native-xcframeworks/libssl.xcframework/ios-arm64-simulator",
				);
				OTHER_LDFLAGS = (
					"$(inherited)",
					"-lcurl",
					"-lsmb2",
					"-lssh2",
					"-lssl",
					"-lcrypto",
					"-lsqlite3",
					"-lz",
				);
				SWIFT_EMIT_LOC_STRINGS = YES;
				SWIFT_VERSION = 5.0;
				TARGETED_DEVICE_FAMILY = "1,2";
			};
			name = Release;
		};
		A10000000000000000000009 /* Debug */ = {
			isa = XCBuildConfiguration;
			buildSettings = {
				APPLICATION_EXTENSION_API_ONLY = YES;
				CODE_SIGN_ENTITLEMENTS = ShareExtension/FolderSpanShare.entitlements;
				CODE_SIGN_IDENTITY = "Apple Development";
				CODE_SIGN_STYLE = Automatic;
				CURRENT_PROJECT_VERSION = 1;
				DEVELOPMENT_TEAM = "";
				GENERATE_INFOPLIST_FILE = YES;
				INFOPLIST_FILE = ShareExtension/Info.plist;
				IPHONEOS_DEPLOYMENT_TARGET = "$(RECOMMENDED_IPHONEOS_DEPLOYMENT_TARGET)";
				LD_RUNPATH_SEARCH_PATHS = (
					"$(inherited)",
					"@executable_path/Frameworks",
					"@executable_path/../../Frameworks",
				);
				MARKETING_VERSION = 1.0;
				PRODUCT_BUNDLE_IDENTIFIER = "com.folderspan.FolderSpan$(TEAM_ID).ShareExtension";
				PRODUCT_NAME = "$(TARGET_NAME)";
				SKIP_INSTALL = YES;
				SWIFT_EMIT_LOC_STRINGS = YES;
				SWIFT_VERSION = 5.0;
				TARGETED_DEVICE_FAMILY = "1,2";
			};
			name = Debug;
		};
		A1000000000000000000000A /* Release */ = {
			isa = XCBuildConfiguration;
			buildSettings = {
				APPLICATION_EXTENSION_API_ONLY = YES;
				CODE_SIGN_ENTITLEMENTS = ShareExtension/FolderSpanShare.entitlements;
				CODE_SIGN_IDENTITY = "Apple Development";
				CODE_SIGN_STYLE = Automatic;
				CURRENT_PROJECT_VERSION = 1;
				DEVELOPMENT_TEAM = "${TEAM_ID}";
				GENERATE_INFOPLIST_FILE = YES;
				INFOPLIST_FILE = ShareExtension/Info.plist;
				IPHONEOS_DEPLOYMENT_TARGET = "$(RECOMMENDED_IPHONEOS_DEPLOYMENT_TARGET)";
				LD_RUNPATH_SEARCH_PATHS = (
					"$(inherited)",
					"@executable_path/Frameworks",
					"@executable_path/../../Frameworks",
				);
				MARKETING_VERSION = 1.0;
				PRODUCT_BUNDLE_IDENTIFIER = "com.folderspan.FolderSpan$(TEAM_ID).ShareExtension";
				PRODUCT_NAME = "$(TARGET_NAME)";
				SKIP_INSTALL = YES;
				SWIFT_EMIT_LOC_STRINGS = YES;
				SWIFT_VERSION = 5.0;
				TARGETED_DEVICE_FAMILY = "1,2";
			};
			name = Release;
		};
		DF6B7D69026C11338F715001 /* Release */ = {
			isa = XCBuildConfiguration;
			baseConfigurationReferenceAnchor = A0855094FB12A87F6B8C6B99 /* Configuration */;
			baseConfigurationReferenceRelativePath = Config.xcconfig;
			buildSettings = {
				ALWAYS_SEARCH_USER_PATHS = NO;
				ASSETCATALOG_COMPILER_GENERATE_SWIFT_ASSET_SYMBOL_EXTENSIONS = YES;
				CLANG_ANALYZER_LOCALIZABILITY_NONLOCALIZED = YES;
				CLANG_ANALYZER_NONNULL = YES;
				CLANG_ANALYZER_NUMBER_OBJECT_CONVERSION = YES_AGGRESSIVE;
				CLANG_CXX_LANGUAGE_STANDARD = "gnu++20";
				CLANG_ENABLE_MODULES = YES;
				CLANG_ENABLE_OBJC_ARC = YES;
				CLANG_ENABLE_OBJC_WEAK = YES;
				CLANG_WARN_BLOCK_CAPTURE_AUTORELEASING = YES;
				CLANG_WARN_BOOL_CONVERSION = YES;
				CLANG_WARN_COMMA = YES;
				CLANG_WARN_CONSTANT_CONVERSION = YES;
				CLANG_WARN_DEPRECATED_OBJC_IMPLEMENTATIONS = YES;
				CLANG_WARN_DIRECT_OBJC_ISA_USAGE = YES_ERROR;
				CLANG_WARN_DOCUMENTATION_COMMENTS = YES;
				CLANG_WARN_EMPTY_BODY = YES;
				CLANG_WARN_ENUM_CONVERSION = YES;
				CLANG_WARN_INFINITE_RECURSION = YES;
				CLANG_WARN_INT_CONVERSION = YES;
				CLANG_WARN_NON_LITERAL_NULL_CONVERSION = YES;
				CLANG_WARN_OBJC_IMPLICIT_RETAIN_SELF = YES;
				CLANG_WARN_OBJC_LITERAL_CONVERSION = YES;
				CLANG_WARN_OBJC_ROOT_CLASS = YES_ERROR;
				CLANG_WARN_QUOTED_INCLUDE_IN_FRAMEWORK_HEADER = YES;
				CLANG_WARN_RANGE_LOOP_ANALYSIS = YES;
				CLANG_WARN_STRICT_PROTOTYPES = YES;
				CLANG_WARN_SUSPICIOUS_MOVE = YES;
				CLANG_WARN_UNGUARDED_AVAILABILITY = YES_AGGRESSIVE;
				CLANG_WARN_UNREACHABLE_CODE = YES;
				CLANG_WARN__DUPLICATE_METHOD_MATCH = YES;
				COPY_PHASE_STRIP = NO;
				DEBUG_INFORMATION_FORMAT = "dwarf-with-dsym";
				ENABLE_NS_ASSERTIONS = NO;
				ENABLE_STRICT_OBJC_MSGSEND = YES;
				ENABLE_USER_SCRIPT_SANDBOXING = NO;
				GCC_C_LANGUAGE_STANDARD = gnu17;
				GCC_NO_COMMON_BLOCKS = YES;
				GCC_WARN_64_TO_32_BIT_CONVERSION = YES;
				GCC_WARN_ABOUT_RETURN_TYPE = YES_ERROR;
				GCC_WARN_UNDECLARED_SELECTOR = YES;
				GCC_WARN_UNINITIALIZED_AUTOS = YES_AGGRESSIVE;
				GCC_WARN_UNUSED_FUNCTION = YES;
				GCC_WARN_UNUSED_VARIABLE = YES;
				IPHONEOS_DEPLOYMENT_TARGET = 14.0;
				LOCALIZATION_PREFERS_STRING_CATALOGS = YES;
				MTL_ENABLE_DEBUG_INFO = NO;
				MTL_FAST_MATH = YES;
				SDKROOT = iphoneos;
				STRING_CATALOG_GENERATE_SYMBOLS = YES;
				SWIFT_COMPILATION_MODE = wholemodule;
				VALIDATE_PRODUCT = YES;
			};
			name = Release;
		};
		F22177A944B2A33DCEED71FE /* Debug */ = {
			isa = XCBuildConfiguration;
			baseConfigurationReference = C0AFCF229B05EF23D29120CC /* Pods-iosApp.debug.xcconfig */;
			buildSettings = {
				ASSETCATALOG_COMPILER_APPICON_NAME = AppIcon;
				ASSETCATALOG_COMPILER_GLOBAL_ACCENT_COLOR_NAME = AccentColor;
				CODE_SIGN_ENTITLEMENTS = iosApp/FolderSpan.entitlements;
				CODE_SIGN_IDENTITY = "Apple Development";
				CODE_SIGN_STYLE = Automatic;
				DEVELOPMENT_ASSET_PATHS = "\"iosApp/Preview Content\"";
				DEVELOPMENT_TEAM = "";
				ENABLE_PREVIEWS = YES;
				FRAMEWORK_SEARCH_PATHS = "$(inherited)";
				GENERATE_INFOPLIST_FILE = YES;
				INFOPLIST_FILE = iosApp/Info.plist;
				INFOPLIST_KEY_LSApplicationCategoryType = "public.app-category.utilities";
				INFOPLIST_KEY_UIApplicationSceneManifest_Generation = NO;
				INFOPLIST_KEY_UIApplicationSupportsIndirectInputEvents = YES;
				INFOPLIST_KEY_UILaunchScreen_Generation = YES;
				INFOPLIST_KEY_UISupportedInterfaceOrientations_iPad = "UIInterfaceOrientationPortrait UIInterfaceOrientationPortraitUpsideDown UIInterfaceOrientationLandscapeLeft UIInterfaceOrientationLandscapeRight";
				INFOPLIST_KEY_UISupportedInterfaceOrientations_iPhone = "UIInterfaceOrientationPortrait UIInterfaceOrientationLandscapeLeft UIInterfaceOrientationLandscapeRight";
				IPHONEOS_DEPLOYMENT_TARGET = "$(RECOMMENDED_IPHONEOS_DEPLOYMENT_TARGET)";
				LD_RUNPATH_SEARCH_PATHS = (
					"$(inherited)",
					"@executable_path/Frameworks",
				);
				"LIBRARY_SEARCH_PATHS[sdk=iphoneos*]" = (
					"$(inherited)",
					"$(HOME)/ios-native-xcframeworks/libcrypto.xcframework/ios-arm64",
					"$(HOME)/ios-native-xcframeworks/libcurl.xcframework/ios-arm64",
					"$(HOME)/ios-native-xcframeworks/libsmb2.xcframework/ios-arm64",
					"$(HOME)/ios-native-xcframeworks/libssh2.xcframework/ios-arm64",
					"$(HOME)/ios-native-xcframeworks/libssl.xcframework/ios-arm64",
				);
				"LIBRARY_SEARCH_PATHS[sdk=iphonesimulator*]" = (
					"$(inherited)",
					"$(HOME)/ios-native-xcframeworks/libcrypto.xcframework/ios-arm64-simulator",
					"$(HOME)/ios-native-xcframeworks/libcurl.xcframework/ios-arm64-simulator",
					"$(HOME)/ios-native-xcframeworks/libsmb2.xcframework/ios-arm64-simulator",
					"$(HOME)/ios-native-xcframeworks/libssh2.xcframework/ios-arm64-simulator",
					"$(HOME)/ios-native-xcframeworks/libssl.xcframework/ios-arm64-simulator",
				);
				OTHER_LDFLAGS = (
					"$(inherited)",
					"-lcurl",
					"-lsmb2",
					"-lssh2",
					"-lssl",
					"-lcrypto",
					"-lsqlite3",
					"-lz",
				);
				SWIFT_EMIT_LOC_STRINGS = YES;
				SWIFT_VERSION = 5.0;
				TARGETED_DEVICE_FAMILY = "1,2";
			};
			name = Debug;
		};
		FE49DF2E980103F1090C3667 /* Debug */ = {
			isa = XCBuildConfiguration;
			baseConfigurationReferenceAnchor = A0855094FB12A87F6B8C6B99 /* Configuration */;
			baseConfigurationReferenceRelativePath = Config.xcconfig;
			buildSettings = {
				ALWAYS_SEARCH_USER_PATHS = NO;
				ASSETCATALOG_COMPILER_GENERATE_SWIFT_ASSET_SYMBOL_EXTENSIONS = YES;
				CLANG_ANALYZER_LOCALIZABILITY_NONLOCALIZED = YES;
				CLANG_ANALYZER_NONNULL = YES;
				CLANG_ANALYZER_NUMBER_OBJECT_CONVERSION = YES_AGGRESSIVE;
				CLANG_CXX_LANGUAGE_STANDARD = "gnu++20";
				CLANG_ENABLE_MODULES = YES;
				CLANG_ENABLE_OBJC_ARC = YES;
				CLANG_ENABLE_OBJC_WEAK = YES;
				CLANG_WARN_BLOCK_CAPTURE_AUTORELEASING = YES;
				CLANG_WARN_BOOL_CONVERSION = YES;
				CLANG_WARN_COMMA = YES;
				CLANG_WARN_CONSTANT_CONVERSION = YES;
				CLANG_WARN_DEPRECATED_OBJC_IMPLEMENTATIONS = YES;
				CLANG_WARN_DIRECT_OBJC_ISA_USAGE = YES_ERROR;
				CLANG_WARN_DOCUMENTATION_COMMENTS = YES;
				CLANG_WARN_EMPTY_BODY = YES;
				CLANG_WARN_ENUM_CONVERSION = YES;
				CLANG_WARN_INFINITE_RECURSION = YES;
				CLANG_WARN_INT_CONVERSION = YES;
				CLANG_WARN_NON_LITERAL_NULL_CONVERSION = YES;
				CLANG_WARN_OBJC_IMPLICIT_RETAIN_SELF = YES;
				CLANG_WARN_OBJC_LITERAL_CONVERSION = YES;
				CLANG_WARN_OBJC_ROOT_CLASS = YES_ERROR;
				CLANG_WARN_QUOTED_INCLUDE_IN_FRAMEWORK_HEADER = YES;
				CLANG_WARN_RANGE_LOOP_ANALYSIS = YES;
				CLANG_WARN_STRICT_PROTOTYPES = YES;
				CLANG_WARN_SUSPICIOUS_MOVE = YES;
				CLANG_WARN_UNGUARDED_AVAILABILITY = YES_AGGRESSIVE;
				CLANG_WARN_UNREACHABLE_CODE = YES;
				CLANG_WARN__DUPLICATE_METHOD_MATCH = YES;
				COPY_PHASE_STRIP = NO;
				DEBUG_INFORMATION_FORMAT = dwarf;
				ENABLE_STRICT_OBJC_MSGSEND = YES;
				ENABLE_TESTABILITY = YES;
				ENABLE_USER_SCRIPT_SANDBOXING = NO;
				GCC_C_LANGUAGE_STANDARD = gnu17;
				GCC_DYNAMIC_NO_PIC = NO;
				GCC_NO_COMMON_BLOCKS = YES;
				GCC_OPTIMIZATION_LEVEL = 0;
				GCC_PREPROCESSOR_DEFINITIONS = (
					"DEBUG=1",
					"$(inherited)",
				);
				GCC_WARN_64_TO_32_BIT_CONVERSION = YES;
				GCC_WARN_ABOUT_RETURN_TYPE = YES_ERROR;
				GCC_WARN_UNDECLARED_SELECTOR = YES;
				GCC_WARN_UNINITIALIZED_AUTOS = YES_AGGRESSIVE;
				GCC_WARN_UNUSED_FUNCTION = YES;
				GCC_WARN_UNUSED_VARIABLE = YES;
				IPHONEOS_DEPLOYMENT_TARGET = 14.0;
				LOCALIZATION_PREFERS_STRING_CATALOGS = YES;
				MTL_ENABLE_DEBUG_INFO = INCLUDE_SOURCE;
				MTL_FAST_MATH = YES;
				ONLY_ACTIVE_ARCH = YES;
				SDKROOT = iphoneos;
				STRING_CATALOG_GENERATE_SYMBOLS = YES;
				SWIFT_ACTIVE_COMPILATION_CONDITIONS = "DEBUG $(inherited)";
				SWIFT_OPTIMIZATION_LEVEL = "-Onone";
			};
			name = Debug;
		};
/* End XCBuildConfiguration section */

/* Begin XCConfigurationList section */
		274BD8CF6C96A2FCEB564E86 /* Build configuration list for PBXNativeTarget "iosApp" */ = {
			isa = XCConfigurationList;
			buildConfigurations = (
				F22177A944B2A33DCEED71FE /* Debug */,
				5998867EA84E071C7BB512B3 /* Release */,
			);
			defaultConfigurationIsVisible = 0;
			defaultConfigurationName = Release;
		};
		2CE7DEDD22E186336259AF85 /* Build configuration list for PBXProject "iosApp" */ = {
			isa = XCConfigurationList;
			buildConfigurations = (
				FE49DF2E980103F1090C3667 /* Debug */,
				DF6B7D69026C11338F715001 /* Release */,
			);
			defaultConfigurationIsVisible = 0;
			defaultConfigurationName = Release;
		};
		A10000000000000000000008 /* Build configuration list for PBXNativeTarget "ShareExtension" */ = {
			isa = XCConfigurationList;
			buildConfigurations = (
				A10000000000000000000009 /* Debug */,
				A1000000000000000000000A /* Release */,
			);
			defaultConfigurationIsVisible = 0;
			defaultConfigurationName = Release;
		};
/* End XCConfigurationList section */
	};
	rootObject = 0B3B9C45B50F2087F69FC590 /* Project object */;
}
